// !$*UTF8*$!
{
	archiveVersion = 1;
	classes = {
	};
	objectVersion = 55;
	objects = {

/* Begin PBXBuildFile section */
		8C59599627613C360043D3C5 /* CloudKit.framework in Frameworks */ = {isa = PBXBuildFile; fileRef = 8CDAFBF427538F1F00706DDD /* CloudKit.framework */; };
		8C59599927613C390043D3C5 /* ExternalAccessory.framework in Frameworks */ = {isa = PBXBuildFile; fileRef = 8CDAFBF827538FCE00706DDD /* ExternalAccessory.framework */; };
		8C59599B27613C3B0043D3C5 /* PassKit.framework in Frameworks */ = {isa = PBXBuildFile; fileRef = 8CDAFBF627538F4E00706DDD /* PassKit.framework */; };
		8C720F962758067600DDE52B /* HomeViewController.swift in Sources */ = {isa = PBXBuildFile; fileRef = 8C720F952758067600DDE52B /* HomeViewController.swift */; };
		8C720F982758069E00DDE52B /* LoginViewController.swift in Sources */ = {isa = PBXBuildFile; fileRef = 8C720F972758069E00DDE52B /* LoginViewController.swift */; };
		8C720F9A275806C100DDE52B /* SignUpViewController.swift in Sources */ = {isa = PBXBuildFile; fileRef = 8C720F99275806C100DDE52B /* SignUpViewController.swift */; };
		8CD95BAD27493C5B00C108C2 /* AppDelegate.swift in Sources */ = {isa = PBXBuildFile; fileRef = 8CD95BAC27493C5B00C108C2 /* AppDelegate.swift */; };
		8CD95BAF27493C5B00C108C2 /* SceneDelegate.swift in Sources */ = {isa = PBXBuildFile; fileRef = 8CD95BAE27493C5B00C108C2 /* SceneDelegate.swift */; };
		8CD95BB127493C5B00C108C2 /* ViewController.swift in Sources */ = {isa = PBXBuildFile; fileRef = 8CD95BB027493C5B00C108C2 /* ViewController.swift */; };
		8CD95BB427493C5B00C108C2 /* Main.storyboard in Resources */ = {isa = PBXBuildFile; fileRef = 8CD95BB227493C5B00C108C2 /* Main.storyboard */; };
		8CD95BB727493C5B00C108C2 /* Social_Network_ID.xcdatamodeld in Sources */ = {isa = PBXBuildFile; fileRef = 8CD95BB527493C5B00C108C2 /* Social_Network_ID.xcdatamodeld */; };
		8CD95BB927493C5C00C108C2 /* Assets.xcassets in Resources */ = {isa = PBXBuildFile; fileRef = 8CD95BB827493C5C00C108C2 /* Assets.xcassets */; };
		8CD95BBC27493C5C00C108C2 /* LaunchScreen.storyboard in Resources */ = {isa = PBXBuildFile; fileRef = 8CD95BBA27493C5C00C108C2 /* LaunchScreen.storyboard */; };
		8CD95BC727493C5C00C108C2 /* Social_Network_IDTests.swift in Sources */ = {isa = PBXBuildFile; fileRef = 8CD95BC627493C5C00C108C2 /* Social_Network_IDTests.swift */; };
		8CD95BD127493C5C00C108C2 /* Social_Network_IDUITests.swift in Sources */ = {isa = PBXBuildFile; fileRef = 8CD95BD027493C5C00C108C2 /* Social_Network_IDUITests.swift */; };
		8CD95BD327493C5C00C108C2 /* Social_Network_IDUITestsLaunchTests.swift in Sources */ = {isa = PBXBuildFile; fileRef = 8CD95BD227493C5C00C108C2 /* Social_Network_IDUITestsLaunchTests.swift */; };
/* End PBXBuildFile section */

/* Begin PBXBuildRule section */
		8CE63EC42761464800E7140A /* PBXBuildRule */ = {
			isa = PBXBuildRule;
			compilerSpec = com.apple.compilers.proxy.script;
			fileType = sourcecode.metal;
			inputFiles = (
			);
			isEditable = 1;
			outputFiles = (
			);
			script = "# metal\n";
		};
/* End PBXBuildRule section */

/* Begin PBXContainerItemProxy section */
		8CD95BC327493C5C00C108C2 /* PBXContainerItemProxy */ = {
			isa = PBXContainerItemProxy;
			containerPortal = 8CD95BA127493C5B00C108C2 /* Project object */;
			proxyType = 1;
			remoteGlobalIDString = 8CD95BA827493C5B00C108C2;
			remoteInfo = "Social Network ID";
		};
		8CD95BCD27493C5C00C108C2 /* PBXContainerItemProxy */ = {
			isa = PBXContainerItemProxy;
			containerPortal = 8CD95BA127493C5B00C108C2 /* Project object */;
			proxyType = 1;
			remoteGlobalIDString = 8CD95BA827493C5B00C108C2;
			remoteInfo = "Social Network ID";
		};
/* End PBXContainerItemProxy section */

/* Begin PBXFileReference section */
		8C720F952758067600DDE52B /* HomeViewController.swift */ = {isa = PBXFileReference; lastKnownFileType = sourcecode.swift; path = HomeViewController.swift; sourceTree = "<group>"; };
		8C720F972758069E00DDE52B /* LoginViewController.swift */ = {isa = PBXFileReference; lastKnownFileType = sourcecode.swift; path = LoginViewController.swift; sourceTree = "<group>"; };
		8C720F99275806C100DDE52B /* SignUpViewController.swift */ = {isa = PBXFileReference; lastKnownFileType = sourcecode.swift; path = SignUpViewController.swift; sourceTree = "<group>"; };
		8CD95BA927493C5B00C108C2 /* Social Network ID.app */ = {isa = PBXFileReference; explicitFileType = wrapper.application; includeInIndex = 0; path = "Social Network ID.app"; sourceTree = BUILT_PRODUCTS_DIR; };
		8CD95BAC27493C5B00C108C2 /* AppDelegate.swift */ = {isa = PBXFileReference; lastKnownFileType = sourcecode.swift; path = AppDelegate.swift; sourceTree = "<group>"; };
		8CD95BAE27493C5B00C108C2 /* SceneDelegate.swift */ = {isa = PBXFileReference; lastKnownFileType = sourcecode.swift; path = SceneDelegate.swift; sourceTree = "<group>"; };
		8CD95BB027493C5B00C108C2 /* ViewController.swift */ = {isa = PBXFileReference; lastKnownFileType = sourcecode.swift; path = ViewController.swift; sourceTree = "<group>"; };
		8CD95BB327493C5B00C108C2 /* Base */ = {isa = PBXFileReference; lastKnownFileType = file.storyboard; name = Base; path = Base.lproj/Main.storyboard; sourceTree = "<group>"; };
		8CD95BB627493C5B00C108C2 /* Social_Network_ID.xcdatamodel */ = {isa = PBXFileReference; lastKnownFileType = wrapper.xcdatamodel; path = Social_Network_ID.xcdatamodel; sourceTree = "<group>"; };
		8CD95BB827493C5C00C108C2 /* Assets.xcassets */ = {isa = PBXFileReference; lastKnownFileType = folder.assetcatalog; path = Assets.xcassets; sourceTree = "<group>"; };
		8CD95BBB27493C5C00C108C2 /* Base */ = {isa = PBXFileReference; lastKnownFileType = file.storyboard; name = Base; path = Base.lproj/LaunchScreen.storyboard; sourceTree = "<group>"; };
		8CD95BBD27493C5C00C108C2 /* Info.plist */ = {isa = PBXFileReference; lastKnownFileType = text.plist.xml; path = Info.plist; sourceTree = "<group>"; };
		8CD95BC227493C5C00C108C2 /* Social Network IDTests.xctest */ = {isa = PBXFileReference; explicitFileType = wrapper.cfbundle; includeInIndex = 0; path = "Social Network IDTests.xctest"; sourceTree = BUILT_PRODUCTS_DIR; };
		8CD95BC627493C5C00C108C2 /* Social_Network_IDTests.swift */ = {isa = PBXFileReference; lastKnownFileType = sourcecode.swift; path = Social_Network_IDTests.swift; sourceTree = "<group>"; };
		8CD95BCC27493C5C00C108C2 /* Social Network IDUITests.xctest */ = {isa = PBXFileReference; explicitFileType = wrapper.cfbundle; includeInIndex = 0; path = "Social Network IDUITests.xctest"; sourceTree = BUILT_PRODUCTS_DIR; };
		8CD95BD027493C5C00C108C2 /* Social_Network_IDUITests.swift */ = {isa = PBXFileReference; lastKnownFileType = sourcecode.swift; path = Social_Network_IDUITests.swift; sourceTree = "<group>"; };
		8CD95BD227493C5C00C108C2 /* Social_Network_IDUITestsLaunchTests.swift */ = {isa = PBXFileReference; lastKnownFileType = sourcecode.swift; path = Social_Network_IDUITestsLaunchTests.swift; sourceTree = "<group>"; };
		8CD95BDF27493CCE00C108C2 /* Social Network ID.entitlements */ = {isa = PBXFileReference; lastKnownFileType = text.plist.entitlements; path = "Social Network ID.entitlements"; sourceTree = "<group>"; };
		8CDAFBF427538F1F00706DDD /* CloudKit.framework */ = {isa = PBXFileReference; lastKnownFileType = wrapper.framework; name = CloudKit.framework; path = System/Library/Frameworks/CloudKit.framework; sourceTree = SDKROOT; };
		8CDAFBF627538F4E00706DDD /* PassKit.framework */ = {isa = PBXFileReference; lastKnownFileType = wrapper.framework; name = PassKit.framework; path = System/Library/Frameworks/PassKit.framework; sourceTree = SDKROOT; };
		8CDAFBF827538FCE00706DDD /* ExternalAccessory.framework */ = {isa = PBXFileReference; lastKnownFileType = wrapper.framework; name = ExternalAccessory.framework; path = System/Library/Frameworks/ExternalAccessory.framework; sourceTree = SDKROOT; };
/* End PBXFileReference section */

/* Begin PBXFrameworksBuildPhase section */
		8CD95BA627493C5B00C108C2 /* Frameworks */ = {
			isa = PBXFrameworksBuildPhase;
			buildActionMask = 2147483647;
			files = (
				8C59599627613C360043D3C5 /* CloudKit.framework in Frameworks */,
				8C59599B27613C3B0043D3C5 /* PassKit.framework in Frameworks */,
				8C59599927613C390043D3C5 /* ExternalAccessory.framework in Frameworks */,
			);
			runOnlyForDeploymentPostprocessing = 0;
		};
		8CD95BBF27493C5C00C108C2 /* Frameworks */ = {
			isa = PBXFrameworksBuildPhase;
			buildActionMask = 2147483647;
			files = (
			);
			runOnlyForDeploymentPostprocessing = 0;
		};
		8CD95BC927493C5C00C108C2 /* Frameworks */ = {
			isa = PBXFrameworksBuildPhase;
			buildActionMask = 2147483647;
			files = (
			);
			runOnlyForDeploymentPostprocessing = 0;
		};
/* End PBXFrameworksBuildPhase section */

/* Begin PBXGroup section */
		8C720F9B275806C700DDE52B /* ViewController */ = {
			isa = PBXGroup;
			children = (
				8C720F99275806C100DDE52B /* SignUpViewController.swift */,
				8C720F972758069E00DDE52B /* LoginViewController.swift */,
				8C720F952758067600DDE52B /* HomeViewController.swift */,
				8CD95BB027493C5B00C108C2 /* ViewController.swift */,
			);
			path = ViewController;
			sourceTree = "<group>";
		};
		8CD95BA027493C5B00C108C2 = {
			isa = PBXGroup;
			children = (
				8CD95BAB27493C5B00C108C2 /* Social Network ID */,
				8CD95BC527493C5C00C108C2 /* Social Network IDTests */,
				8CD95BCF27493C5C00C108C2 /* Social Network IDUITests */,
				8CD95BAA27493C5B00C108C2 /* Products */,
				8CDAFBF327538F1F00706DDD /* Frameworks */,
			);
			sourceTree = "<group>";
		};
		8CD95BAA27493C5B00C108C2 /* Products */ = {
			isa = PBXGroup;
			children = (
				8CD95BA927493C5B00C108C2 /* Social Network ID.app */,
				8CD95BC227493C5C00C108C2 /* Social Network IDTests.xctest */,
				8CD95BCC27493C5C00C108C2 /* Social Network IDUITests.xctest */,
			);
			name = Products;
			sourceTree = "<group>";
		};
		8CD95BAB27493C5B00C108C2 /* Social Network ID */ = {
			isa = PBXGroup;
			children = (
				8C720F9B275806C700DDE52B /* ViewController */,
				8CD95BDF27493CCE00C108C2 /* Social Network ID.entitlements */,
				8CD95BAC27493C5B00C108C2 /* AppDelegate.swift */,
				8CD95BAE27493C5B00C108C2 /* SceneDelegate.swift */,
				8CD95BB227493C5B00C108C2 /* Main.storyboard */,
				8CD95BB827493C5C00C108C2 /* Assets.xcassets */,
				8CD95BBA27493C5C00C108C2 /* LaunchScreen.storyboard */,
				8CD95BBD27493C5C00C108C2 /* Info.plist */,
				8CD95BB527493C5B00C108C2 /* Social_Network_ID.xcdatamodeld */,
			);
			path = "Social Network ID";
			sourceTree = "<group>";
		};
		8CD95BC527493C5C00C108C2 /* Social Network IDTests */ = {
			isa = PBXGroup;
			children = (
				8CD95BC627493C5C00C108C2 /* Social_Network_IDTests.swift */,
			);
			path = "Social Network IDTests";
			sourceTree = "<group>";
		};
		8CD95BCF27493C5C00C108C2 /* Social Network IDUITests */ = {
			isa = PBXGroup;
			children = (
				8CD95BD027493C5C00C108C2 /* Social_Network_IDUITests.swift */,
				8CD95BD227493C5C00C108C2 /* Social_Network_IDUITestsLaunchTests.swift */,
			);
			path = "Social Network IDUITests";
			sourceTree = "<group>";
		};
		8CDAFBF327538F1F00706DDD /* Frameworks */ = {
			isa = PBXGroup;
			children = (
				8CDAFBF827538FCE00706DDD /* ExternalAccessory.framework */,
				8CDAFBF627538F4E00706DDD /* PassKit.framework */,
				8CDAFBF427538F1F00706DDD /* CloudKit.framework */,
			);
			name = Frameworks;
			sourceTree = "<group>";
		};
/* End PBXGroup section */

/* Begin PBXNativeTarget section */
		8CD95BA827493C5B00C108C2 /* Social Network ID */ = {
			isa = PBXNativeTarget;
			buildConfigurationList = 8CD95BD627493C5C00C108C2 /* Build configuration list for PBXNativeTarget "Social Network ID" */;
			buildPhases = (
				8CD95BA527493C5B00C108C2 /* Sources */,
				8CD95BA627493C5B00C108C2 /* Frameworks */,
				8CD95BA727493C5B00C108C2 /* Resources */,
			);
			buildRules = (
				8CE63EC42761464800E7140A /* PBXBuildRule */,
			);
			dependencies = (
			);
			name = "Social Network ID";
			packageProductDependencies = (
			);
			productName = "Social Network ID";
			productReference = 8CD95BA927493C5B00C108C2 /* Social Network ID.app */;
			productType = "com.apple.product-type.application";
		};
		8CD95BC127493C5C00C108C2 /* Social Network IDTests */ = {
			isa = PBXNativeTarget;
			buildConfigurationList = 8CD95BD927493C5C00C108C2 /* Build configuration list for PBXNativeTarget "Social Network IDTests" */;
			buildPhases = (
				8CD95BBE27493C5C00C108C2 /* Sources */,
				8CD95BBF27493C5C00C108C2 /* Frameworks */,
				8CD95BC027493C5C00C108C2 /* Resources */,
			);
			buildRules = (
			);
			dependencies = (
				8CD95BC427493C5C00C108C2 /* PBXTargetDependency */,
			);
			name = "Social Network IDTests";
			productName = "Social Network IDTests";
			productReference = 8CD95BC227493C5C00C108C2 /* Social Network IDTests.xctest */;
			productType = "com.apple.product-type.bundle.unit-test";
		};
		8CD95BCB27493C5C00C108C2 /* Social Network IDUITests */ = {
			isa = PBXNativeTarget;
			buildConfigurationList = 8CD95BDC27493C5C00C108C2 /* Build configuration list for PBXNativeTarget "Social Network IDUITests" */;
			buildPhases = (
				8CD95BC827493C5C00C108C2 /* Sources */,
				8CD95BC927493C5C00C108C2 /* Frameworks */,
				8CD95BCA27493C5C00C108C2 /* Resources */,
			);
			buildRules = (
			);
			dependencies = (
				8CD95BCE27493C5C00C108C2 /* PBXTargetDependency */,
			);
			name = "Social Network IDUITests";
			productName = "Social Network IDUITests";
			productReference = 8CD95BCC27493C5C00C108C2 /* Social Network IDUITests.xctest */;
			productType = "com.apple.product-type.bundle.ui-testing";
		};
/* End PBXNativeTarget section */

/* Begin PBXProject section */
		8CD95BA127493C5B00C108C2 /* Project object */ = {
			isa = PBXProject;
			attributes = {
				BuildIndependentTargetsInParallel = 1;
				LastSwiftUpdateCheck = 1320;
				LastUpgradeCheck = 1320;
				TargetAttributes = {
					8CD95BA827493C5B00C108C2 = {
						CreatedOnToolsVersion = 13.2;
					};
					8CD95BC127493C5C00C108C2 = {
						CreatedOnToolsVersion = 13.2;
						TestTargetID = 8CD95BA827493C5B00C108C2;
					};
					8CD95BCB27493C5C00C108C2 = {
						CreatedOnToolsVersion = 13.2;
						TestTargetID = 8CD95BA827493C5B00C108C2;
					};
				};
			};
			buildConfigurationList = 8CD95BA427493C5B00C108C2 /* Build configuration list for PBXProject "Social Network ID" */;
			compatibilityVersion = "Xcode 13.0";
			developmentRegion = en;
			hasScannedForEncodings = 0;
			knownRegions = (
				en,
				Base,
			);
			mainGroup = 8CD95BA027493C5B00C108C2;
			packageReferences = (
			);
			productRefGroup = 8CD95BAA27493C5B00C108C2 /* Products */;
			projectDirPath = "";
			projectRoot = "";
			targets = (
				8CD95BA827493C5B00C108C2 /* Social Network ID */,
				8CD95BC127493C5C00C108C2 /* Social Network IDTests */,
				8CD95BCB27493C5C00C108C2 /* Social Network IDUITests */,
			);
		};
/* End PBXProject section */

/* Begin PBXResourcesBuildPhase section */
		8CD95BA727493C5B00C108C2 /* Resources */ = {
			isa = PBXResourcesBuildPhase;
			buildActionMask = 2147483647;
			files = (
				8CD95BBC27493C5C00C108C2 /* LaunchScreen.storyboard in Resources */,
				8CD95BB927493C5C00C108C2 /* Assets.xcassets in Resources */,
				8CD95BB427493C5B00C108C2 /* Main.storyboard in Resources */,
			);
			runOnlyForDeploymentPostprocessing = 0;
		};
		8CD95BC027493C5C00C108C2 /* Resources */ = {
			isa = PBXResourcesBuildPhase;
			buildActionMask = 2147483647;
			files = (
			);
			runOnlyForDeploymentPostprocessing = 0;
		};
		8CD95BCA27493C5C00C108C2 /* Resources */ = {
			isa = PBXResourcesBuildPhase;
			buildActionMask = 2147483647;
			files = (
			);
			runOnlyForDeploymentPostprocessing = 0;
		};
/* End PBXResourcesBuildPhase section */

/* Begin PBXSourcesBuildPhase section */
		8CD95BA527493C5B00C108C2 /* Sources */ = {
			isa = PBXSourcesBuildPhase;
			buildActionMask = 2147483647;
			files = (
				8C720F982758069E00DDE52B /* LoginViewController.swift in Sources */,
				8C720F9A275806C100DDE52B /* SignUpViewController.swift in Sources */,
				8C720F962758067600DDE52B /* HomeViewController.swift in Sources */,
				8CD95BB127493C5B00C108C2 /* ViewController.swift in Sources */,
				8CD95BAD27493C5B00C108C2 /* AppDelegate.swift in Sources */,
				8CD95BB727493C5B00C108C2 /* Social_Network_ID.xcdatamodeld in Sources */,
				8CD95BAF27493C5B00C108C2 /* SceneDelegate.swift in Sources */,
			);
			runOnlyForDeploymentPostprocessing = 0;
		};
		8CD95BBE27493C5C00C108C2 /* Sources */ = {
			isa = PBXSourcesBuildPhase;
			buildActionMask = 2147483647;
			files = (
				8CD95BC727493C5C00C108C2 /* Social_Network_IDTests.swift in Sources */,
			);
			runOnlyForDeploymentPostprocessing = 0;
		};
		8CD95BC827493C5C00C108C2 /* Sources */ = {
			isa = PBXSourcesBuildPhase;
			buildActionMask = 2147483647;
			files = (
				8CD95BD127493C5C00C108C2 /* Social_Network_IDUITests.swift in Sources */,
				8CD95BD327493C5C00C108C2 /* Social_Network_IDUITestsLaunchTests.swift in Sources */,
			);
			runOnlyForDeploymentPostprocessing = 0;
		};
/* End PBXSourcesBuildPhase section */

/* Begin PBXTargetDependency section */
		8CD95BC427493C5C00C108C2 /* PBXTargetDependency */ = {
			isa = PBXTargetDependency;
			target = 8CD95BA827493C5B00C108C2 /* Social Network ID */;
			targetProxy = 8CD95BC327493C5C00C108C2 /* PBXContainerItemProxy */;
		};
		8CD95BCE27493C5C00C108C2 /* PBXTargetDependency */ = {
			isa = PBXTargetDependency;
			target = 8CD95BA827493C5B00C108C2 /* Social Network ID */;
			targetProxy = 8CD95BCD27493C5C00C108C2 /* PBXContainerItemProxy */;
		};
/* End PBXTargetDependency section */

/* Begin PBXVariantGroup section */
		8CD95BB227493C5B00C108C2 /* Main.storyboard */ = {
			isa = PBXVariantGroup;
			children = (
				8CD95BB327493C5B00C108C2 /* Base */,
			);
			name = Main.storyboard;
			sourceTree = "<group>";
		};
		8CD95BBA27493C5C00C108C2 /* LaunchScreen.storyboard */ = {
			isa = PBXVariantGroup;
			children = (
				8CD95BBB27493C5C00C108C2 /* Base */,
			);
			name = LaunchScreen.storyboard;
			sourceTree = "<group>";
		};
/* End PBXVariantGroup section */

/* Begin XCBuildConfiguration section */
		8CD95BD427493C5C00C108C2 /* Debug */ = {
			isa = XCBuildConfiguration;
			buildSettings = {
				ALWAYS_SEARCH_USER_PATHS = NO;
				CLANG_ANALYZER_NONNULL = YES;
				CLANG_ANALYZER_NUMBER_OBJECT_CONVERSION = YES_AGGRESSIVE;
				CLANG_CXX_LANGUAGE_STANDARD = "gnu++17";
				CLANG_CXX_LIBRARY = "libc++";
				CLANG_ENABLE_MODULES = YES;
				CLANG_ENABLE_OBJC_ARC = YES;
				CLANG_ENABLE_OBJC_WEAK = YES;
				CLANG_WARN_BLOCK_CAPTURE_AUTORELEASING = YES;
				CLANG_WARN_BOOL_CONVERSION = YES;
				CLANG_WARN_COMMA = YES;
				CLANG_WARN_CONSTANT_CONVERSION = YES;
				CLANG_WARN_DEPRECATED_OBJC_IMPLEMENTATIONS = YES;
				CLANG_WARN_DIRECT_OBJC_ISA_USAGE = YES_ERROR;
				CLANG_WARN_DOCUMENTATION_COMMENTS = YES;
				CLANG_WARN_EMPTY_BODY = YES;
				CLANG_WARN_ENUM_CONVERSION = YES;
				CLANG_WARN_INFINITE_RECURSION = YES;
				CLANG_WARN_INT_CONVERSION = YES;
				CLANG_WARN_NON_LITERAL_NULL_CONVERSION = YES;
				CLANG_WARN_OBJC_IMPLICIT_RETAIN_SELF = YES;
				CLANG_WARN_OBJC_LITERAL_CONVERSION = YES;
				CLANG_WARN_OBJC_ROOT_CLASS = YES_ERROR;
				CLANG_WARN_QUOTED_INCLUDE_IN_FRAMEWORK_HEADER = YES;
				CLANG_WARN_RANGE_LOOP_ANALYSIS = YES;
				CLANG_WARN_STRICT_PROTOTYPES = YES;
				CLANG_WARN_SUSPICIOUS_MOVE = YES;
				CLANG_WARN_UNGUARDED_AVAILABILITY = YES_AGGRESSIVE;
				CLANG_WARN_UNREACHABLE_CODE = YES;
				CLANG_WARN__DUPLICATE_METHOD_MATCH = YES;
				COPY_PHASE_STRIP = NO;
				DEBUG_INFORMATION_FORMAT = dwarf;
				ENABLE_STRICT_OBJC_MSGSEND = YES;
				ENABLE_TESTABILITY = YES;
				GCC_C_LANGUAGE_STANDARD = gnu11;
				GCC_DYNAMIC_NO_PIC = NO;
				GCC_NO_COMMON_BLOCKS = YES;
				GCC_OPTIMIZATION_LEVEL = 0;
				GCC_PREPROCESSOR_DEFINITIONS = (
					"DEBUG=1",
					"$(inherited)",
				);
				GCC_WARN_64_TO_32_BIT_CONVERSION = YES;
				GCC_WARN_ABOUT_RETURN_TYPE = YES_ERROR;
				GCC_WARN_UNDECLARED_SELECTOR = YES;
				GCC_WARN_UNINITIALIZED_AUTOS = YES_AGGRESSIVE;
				GCC_WARN_UNUSED_FUNCTION = YES;
				GCC_WARN_UNUSED_VARIABLE = YES;
				IPHONEOS_DEPLOYMENT_TARGET = 15.2;
				MTL_ENABLE_DEBUG_INFO = INCLUDE_SOURCE;
				MTL_FAST_MATH = YES;
				ONLY_ACTIVE_ARCH = YES;
				SDKROOT = iphoneos;
				SWIFT_ACTIVE_COMPILATION_CONDITIONS = DEBUG;
				SWIFT_OPTIMIZATION_LEVEL = "-Onone";
			};
			name = Debug;
		};
		8CD95BD527493C5C00C108C2 /* Release */ = {
			isa = XCBuildConfiguration;
			buildSettings = {
				ALWAYS_SEARCH_USER_PATHS = NO;
				CLANG_ANALYZER_NONNULL = YES;
				CLANG_ANALYZER_NUMBER_OBJECT_CONVERSION = YES_AGGRESSIVE;
				CLANG_CXX_LANGUAGE_STANDARD = "gnu++17";
				CLANG_CXX_LIBRARY = "libc++";
				CLANG_ENABLE_MODULES = YES;
				CLANG_ENABLE_OBJC_ARC = YES;
				CLANG_ENABLE_OBJC_WEAK = YES;
				CLANG_WARN_BLOCK_CAPTURE_AUTORELEASING = YES;
				CLANG_WARN_BOOL_CONVERSION = YES;
				CLANG_WARN_COMMA = YES;
				CLANG_WARN_CONSTANT_CONVERSION = YES;
				CLANG_WARN_DEPRECATED_OBJC_IMPLEMENTATIONS = YES;
				CLANG_WARN_DIRECT_OBJC_ISA_USAGE = YES_ERROR;
				CLANG_WARN_DOCUMENTATION_COMMENTS = YES;
				CLANG_WARN_EMPTY_BODY = YES;
				CLANG_WARN_ENUM_CONVERSION = YES;
				CLANG_WARN_INFINITE_RECURSION = YES;
				CLANG_WARN_INT_CONVERSION = YES;
				CLANG_WARN_NON_LITERAL_NULL_CONVERSION = YES;
				CLANG_WARN_OBJC_IMPLICIT_RETAIN_SELF = YES;
				CLANG_WARN_OBJC_LITERAL_CONVERSION = YES;
				CLANG_WARN_OBJC_ROOT_CLASS = YES_ERROR;
				CLANG_WARN_QUOTED_INCLUDE_IN_FRAMEWORK_HEADER = YES;
				CLANG_WARN_RANGE_LOOP_ANALYSIS = YES;
				CLANG_WARN_STRICT_PROTOTYPES = YES;
				CLANG_WARN_SUSPICIOUS_MOVE = YES;
				CLANG_WARN_UNGUARDED_AVAILABILITY = YES_AGGRESSIVE;
				CLANG_WARN_UNREACHABLE_CODE = YES;
				CLANG_WARN__DUPLICATE_METHOD_MATCH = YES;
				COPY_PHASE_STRIP = NO;
				DEBUG_INFORMATION_FORMAT = "dwarf-with-dsym";
				ENABLE_NS_ASSERTIONS = NO;
				ENABLE_STRICT_OBJC_MSGSEND = YES;
				GCC_C_LANGUAGE_STANDARD = gnu11;
				GCC_NO_COMMON_BLOCKS = YES;
				GCC_WARN_64_TO_32_BIT_CONVERSION = YES;
				GCC_WARN_ABOUT_RETURN_TYPE = YES_ERROR;
				GCC_WARN_UNDECLARED_SELECTOR = YES;
				GCC_WARN_UNINITIALIZED_AUTOS = YES_AGGRESSIVE;
				GCC_WARN_UNUSED_FUNCTION = YES;
				GCC_WARN_UNUSED_VARIABLE = YES;
				IPHONEOS_DEPLOYMENT_TARGET = 15.2;
				MTL_ENABLE_DEBUG_INFO = NO;
				MTL_FAST_MATH = YES;
				SDKROOT = iphoneos;
				SWIFT_COMPILATION_MODE = wholemodule;
				SWIFT_OPTIMIZATION_LEVEL = "-O";
				VALIDATE_PRODUCT = YES;
			};
			name = Release;
		};
		8CD95BD727493C5C00C108C2 /* Debug */ = {
			isa = XCBuildConfiguration;
			buildSettings = {
				ASSETCATALOG_COMPILER_APPICON_NAME = AppIcon;
				ASSETCATALOG_COMPILER_GLOBAL_ACCENT_COLOR_NAME = AccentColor;
				ASSETCATALOG_COMPILER_INCLUDE_ALL_APPICON_ASSETS = NO;
				CODE_SIGN_ENTITLEMENTS = "Social Network ID/Social Network ID.entitlements";
				CODE_SIGN_STYLE = Automatic;
				CURRENT_PROJECT_VERSION = 1;
				DEVELOPMENT_ASSET_PATHS = "";
				DEVELOPMENT_TEAM = FMPHHVN9GD;
				GENERATE_INFOPLIST_FILE = YES;
				INFOPLIST_FILE = "Social Network ID/Info.plist";
				INFOPLIST_KEY_UIApplicationSupportsIndirectInputEvents = YES;
				INFOPLIST_KEY_UILaunchStoryboardName = LaunchScreen;
				INFOPLIST_KEY_UIMainStoryboardFile = Main;
				INFOPLIST_KEY_UIRequiredDeviceCapabilities = armv7;
				INFOPLIST_KEY_UISupportedInterfaceOrientations = "UIInterfaceOrientationPortrait UIInterfaceOrientationLandscapeLeft UIInterfaceOrientationLandscapeRight";
				INFOPLIST_KEY_UISupportedInterfaceOrientations_iPad = "UIInterfaceOrientationPortrait UIInterfaceOrientationPortraitUpsideDown UIInterfaceOrientationLandscapeLeft UIInterfaceOrientationLandscapeRight";
				INFOPLIST_KEY_UISupportedInterfaceOrientations_iPhone = "UIInterfaceOrientationPortrait UIInterfaceOrientationLandscapeLeft UIInterfaceOrientationLandscapeRight";
				IPHONEOS_DEPLOYMENT_TARGET = 15.0;
				LD_RUNPATH_SEARCH_PATHS = (
					"$(inherited)",
					"@executable_path/Frameworks",
				);
				MARKETING_VERSION = 1.0.2;
				PRODUCT_BUNDLE_IDENTIFIER = "senolsenturk.Social-Network-ID";
				PRODUCT_NAME = "$(TARGET_NAME)";
				SWIFT_EMIT_LOC_STRINGS = YES;
				SWIFT_VERSION = 5.0;
				TARGETED_DEVICE_FAMILY = "1,2";
			};
			name = Debug;
		};
		8CD95BD827493C5C00C108C2 /* Release */ = {
			isa = XCBuildConfiguration;
			buildSettings = {
				ASSETCATALOG_COMPILER_APPICON_NAME = AppIcon;
				ASSETCATALOG_COMPILER_GLOBAL_ACCENT_COLOR_NAME = AccentColor;
				ASSETCATALOG_COMPILER_INCLUDE_ALL_APPICON_ASSETS = NO;
				CODE_SIGN_ENTITLEMENTS = "Social Network ID/Social Network ID.entitlements";
				CODE_SIGN_STYLE = Automatic;
				CURRENT_PROJECT_VERSION = 1;
				DEVELOPMENT_ASSET_PATHS = "";
				DEVELOPMENT_TEAM = FMPHHVN9GD;
				GENERATE_INFOPLIST_FILE = YES;
				INFOPLIST_FILE = "Social Network ID/Info.plist";
				INFOPLIST_KEY_UIApplicationSupportsIndirectInputEvents = YES;
				INFOPLIST_KEY_UILaunchStoryboardName = LaunchScreen;
				INFOPLIST_KEY_UIMainStoryboardFile = Main;
				INFOPLIST_KEY_UIRequiredDeviceCapabilities = armv7;
				INFOPLIST_KEY_UISupportedInterfaceOrientations = "UIInterfaceOrientationPortrait UIInterfaceOrientationLandscapeLeft UIInterfaceOrientationLandscapeRight";
				INFOPLIST_KEY_UISupportedInterfaceOrientations_iPad = "UIInterfaceOrientationPortrait UIInterfaceOrientationPortraitUpsideDown UIInterfaceOrientationLandscapeLeft UIInterfaceOrientationLandscapeRight";
				INFOPLIST_KEY_UISupportedInterfaceOrientations_iPhone = "UIInterfaceOrientationPortrait UIInterfaceOrientationLandscapeLeft UIInterfaceOrientationLandscapeRight";
				IPHONEOS_DEPLOYMENT_TARGET = 15.0;
				LD_RUNPATH_SEARCH_PATHS = (
					"$(inherited)",
					"@executable_path/Frameworks",
				);
				MARKETING_VERSION = 1.0.2;
				PRODUCT_BUNDLE_IDENTIFIER = "senolsenturk.Social-Network-ID";
				PRODUCT_NAME = "$(TARGET_NAME)";
				SWIFT_EMIT_LOC_STRINGS = YES;
				SWIFT_VERSION = 5.0;
				TARGETED_DEVICE_FAMILY = "1,2";
			};
			name = Release;
		};
		8CD95BDA27493C5C00C108C2 /* Debug */ = {
			isa = XCBuildConfiguration;
			buildSettings = {
				ALWAYS_EMBED_SWIFT_STANDARD_LIBRARIES = YES;
				BUNDLE_LOADER = "$(TEST_HOST)";
				"CODE_SIGN_IDENTITY[sdk=macosx*]" = "Apple Development";
				CODE_SIGN_STYLE = Automatic;
				CURRENT_PROJECT_VERSION = 1;
				DEVELOPMENT_TEAM = FMPHHVN9GD;
				GENERATE_INFOPLIST_FILE = YES;
				IPHONEOS_DEPLOYMENT_TARGET = 15.2;
				MARKETING_VERSION = 1.0;
				PRODUCT_BUNDLE_IDENTIFIER = "senolsenturk.Social-Network-IDTests";
				PRODUCT_NAME = "$(TARGET_NAME)";
				SWIFT_EMIT_LOC_STRINGS = NO;
				SWIFT_VERSION = 5.0;
				TARGETED_DEVICE_FAMILY = "1,2";
				TEST_HOST = "$(BUILT_PRODUCTS_DIR)/Social Network ID.app/Social Network ID";
			};
			name = Debug;
		};
		8CD95BDB27493C5C00C108C2 /* Release */ = {
			isa = XCBuildConfiguration;
			buildSettings = {
				ALWAYS_EMBED_SWIFT_STANDARD_LIBRARIES = YES;
				BUNDLE_LOADER = "$(TEST_HOST)";
				"CODE_SIGN_IDENTITY[sdk=macosx*]" = "Apple Development";
				CODE_SIGN_STYLE = Automatic;
				CURRENT_PROJECT_VERSION = 1;
				DEVELOPMENT_TEAM = FMPHHVN9GD;
				GENERATE_INFOPLIST_FILE = YES;
				IPHONEOS_DEPLOYMENT_TARGET = 15.2;
				MARKETING_VERSION = 1.0;
				PRODUCT_BUNDLE_IDENTIFIER = "senolsenturk.Social-Network-IDTests";
				PRODUCT_NAME = "$(TARGET_NAME)";
				SWIFT_EMIT_LOC_STRINGS = NO;
				SWIFT_VERSION = 5.0;
				TARGETED_DEVICE_FAMILY = "1,2";
				TEST_HOST = "$(BUILT_PRODUCTS_DIR)/Social Network ID.app/Social Network ID";
			};
			name = Release;
		};
		8CD95BDD27493C5C00C108C2 /* Debug */ = {
			isa = XCBuildConfiguration;
			buildSettings = {
				ALWAYS_EMBED_SWIFT_STANDARD_LIBRARIES = YES;
				CODE_SIGN_STYLE = Automatic;
				CURRENT_PROJECT_VERSION = 1;
				DEVELOPMENT_TEAM = FMPHHVN9GD;
				GENERATE_INFOPLIST_FILE = YES;
				MARKETING_VERSION = 1.0;
				PRODUCT_BUNDLE_IDENTIFIER = "senolsenturk.Social-Network-IDUITests";
				PRODUCT_NAME = "$(TARGET_NAME)";
				SWIFT_EMIT_LOC_STRINGS = NO;
				SWIFT_VERSION = 5.0;
				TARGETED_DEVICE_FAMILY = "1,2";
				TEST_TARGET_NAME = "Social Network ID";
			};
			name = Debug;
		};
		8CD95BDE27493C5C00C108C2 /* Release */ = {
			isa = XCBuildConfiguration;
			buildSettings = {
				ALWAYS_EMBED_SWIFT_STANDARD_LIBRARIES = YES;
				CODE_SIGN_STYLE = Automatic;
				CURRENT_PROJECT_VERSION = 1;
				DEVELOPMENT_TEAM = FMPHHVN9GD;
				GENERATE_INFOPLIST_FILE = YES;
				MARKETING_VERSION = 1.0;
				PRODUCT_BUNDLE_IDENTIFIER = "senolsenturk.Social-Network-IDUITests";
				PRODUCT_NAME = "$(TARGET_NAME)";
				SWIFT_EMIT_LOC_STRINGS = NO;
				SWIFT_VERSION = 5.0;
				TARGETED_DEVICE_FAMILY = "1,2";
				TEST_TARGET_NAME = "Social Network ID";
			};
			name = Release;
		};
/* End XCBuildConfiguration section */

/* Begin XCConfigurationList section */
		8CD95BA427493C5B00C108C2 /* Build configuration list for PBXProject "Social Network ID" */ = {
			isa = XCConfigurationList;
			buildConfigurations = (
				8CD95BD427493C5C00C108C2 /* Debug */,
				8CD95BD527493C5C00C108C2 /* Release */,
			);
			defaultConfigurationIsVisible = 0;
			defaultConfigurationName = Release;
		};
		8CD95BD627493C5C00C108C2 /* Build configuration list for PBXNativeTarget "Social Network ID" */ = {
			isa = XCConfigurationList;
			buildConfigurations = (
				8CD95BD727493C5C00C108C2 /* Debug */,
				8CD95BD827493C5C00C108C2 /* Release */,
			);
			defaultConfigurationIsVisible = 0;
			defaultConfigurationName = Release;
		};
		8CD95BD927493C5C00C108C2 /* Build configuration list for PBXNativeTarget "Social Network IDTests" */ = {
			isa = XCConfigurationList;
			buildConfigurations = (
				8CD95BDA27493C5C00C108C2 /* Debug */,
				8CD95BDB27493C5C00C108C2 /* Release */,
			);
			defaultConfigurationIsVisible = 0;
			defaultConfigurationName = Release;
		};
		8CD95BDC27493C5C00C108C2 /* Build configuration list for PBXNativeTarget "Social Network IDUITests" */ = {
			isa = XCConfigurationList;
			buildConfigurations = (
				8CD95BDD27493C5C00C108C2 /* Debug */,
				8CD95BDE27493C5C00C108C2 /* Release */,
			);
			defaultConfigurationIsVisible = 0;
			defaultConfigurationName = Release;
		};
/* End XCConfigurationList section */

/* Begin XCVersionGroup section */
		8CD95BB527493C5B00C108C2 /* Social_Network_ID.xcdatamodeld */ = {
			isa = XCVersionGroup;
			children = (
				8CD95BB627493C5B00C108C2 /* Social_Network_ID.xcdatamodel */,
			);
			currentVersion = 8CD95BB627493C5B00C108C2 /* Social_Network_ID.xcdatamodel */;
			path = Social_Network_ID.xcdatamodeld;
			sourceTree = "<group>";
			versionGroupType = wrapper.xcdatamodel;
		};
/* End XCVersionGroup section */
	};
	rootObject = 8CD95BA127493C5B00C108C2 /* Project object */;
}
